
Microsoft Visual Studio Solution File, Format Version 12.00
# Visual Studio 15
VisualStudioVersion = 15.0.28307.106
MinimumVisualStudioVersion = 10.0.40219.1
Project("{FAE04EC0-301F-11D3-BF4B-00C04F79EFBC}") = "Tetris", "Tetris\Tetris.csproj", "{4962F174-A7EC-4D25-99E9-E76939C3D867}"
EndProject
Global
	GlobalSection(SolutionConfigurationPlatforms) = preSolution
		Debug|Any CPU = Debug|Any CPU
		Release|Any CPU = Release|Any CPU
	EndGlobalSection
	GlobalSection(ProjectConfigurationPlatforms) = postSolution
		{4962F174-A7EC-4D25-99E9-E76939C3D867}.Debug|Any CPU.ActiveCfg = Debug|Any CPU
		{4962F174-A7EC-4D25-99E9-E76939C3D867}.Debug|Any CPU.Build.0 = Debug|Any CPU
		{4962F174-A7EC-4D25-99E9-E76939C3D867}.Release|Any CPU.ActiveCfg = Release|Any CPU
		{4962F174-A7EC-4D25-99E9-E76939C3D867}.Release|Any CPU.Build.0 = Release|Any CPU
	EndGlobalSection
	GlobalSection(SolutionProperties) = preSolution
		HideSolutionNode = FALSE
	EndGlobalSection
	GlobalSection(ExtensibilityGlobals) = postSolution
		SolutionGuid = {51B62C75-BCC8-4D8F-B58C-1AADC2FFB060}
	EndGlobalSection
EndGlobal
